PODS:
  - Flutter (1.0.0)
  - flutter_email_sender (0.0.1):
    - Flutter
  - FMDB/SQLCipher (2.7.5):
    - SQLCipher
  - launch_review (0.0.1):
    - Flutter
  - package_info (0.0.1):
    - Flutter
  - shared_preferences_ios (0.0.1):
    - Flutter
  - sqflite (0.0.2):
    - Flutter
    - FMDB/SQLCipher (>= 2.7.5)
    - SQLCipher (~> 4.4.0)
  - sqflite_sqlcipher (0.0.1):
    - Flutter
    - FMDB/SQLCipher (~> 2.7.5)
    - SQLCipher (= 4.4.2)
  - SQLCipher (4.4.2):
    - SQLCipher/standard (= 4.4.2)
  - SQLCipher/common (4.4.2)
  - SQLCipher/standard (4.4.2):
    - SQLCipher/common
  - SQLite.swift/SQLCipher (0.13.3):
    - SQLCipher (>= 4.0.0)
  - url_launcher_ios (0.0.1):
    - Flutter

DEPENDENCIES:
  - Flutter (from `Flutter`)
  - flutter_email_sender (from `.symlinks/plugins/flutter_email_sender/ios`)
  - launch_review (from `.symlinks/plugins/launch_review/ios`)
  - package_info (from `.symlinks/plugins/package_info/ios`)
  - shared_preferences_ios (from `.symlinks/plugins/shared_preferences_ios/ios`)
  - sqflite (from `.symlinks/plugins/sqflite/ios`)
  - sqflite_sqlcipher (from `.symlinks/plugins/sqflite_sqlcipher/ios`)
  - SQLite.swift/SQLCipher (~> 0.13.3)
  - url_launcher_ios (from `.symlinks/plugins/url_launcher_ios/ios`)

SPEC REPOS:
  trunk:
    - FMDB
    - SQLCipher
    - SQLite.swift

EXTERNAL SOURCES:
  Flutter:
    :path: Flutter
  flutter_email_sender:
    :path: ".symlinks/plugins/flutter_email_sender/ios"
  launch_review:
    :path: ".symlinks/plugins/launch_review/ios"
  package_info:
    :path: ".symlinks/plugins/package_info/ios"
  shared_preferences_ios:
    :path: ".symlinks/plugins/shared_preferences_ios/ios"
  sqflite:
    :path: ".symlinks/plugins/sqflite/ios"
  sqflite_sqlcipher:
    :path: ".symlinks/plugins/sqflite_sqlcipher/ios"
  url_launcher_ios:
    :path: ".symlinks/plugins/url_launcher_ios/ios"

SPEC CHECKSUMS:
  Flutter: f04841e97a9d0b0a8025694d0796dd46242b2854
  flutter_email_sender: 02d7443217d8c41483223627972bfdc09f74276b
  FMDB: 2ce00b547f966261cd18927a3ddb07cb6f3db82a
  launch_review: 75d5a956ba8eaa493e9c9d4bf4c05e505e8d5ed0
  package_info: 873975fc26034f0b863a300ad47e7f1ac6c7ec62
  shared_preferences_ios: 548a61f8053b9b8a49ac19c1ffbc8b92c50d68ad
  sqflite: c0667567fd3e682beb9509976c08bc2325429aab
  sqflite_sqlcipher: 70eb7fd8d4f0b0352d0bde5cf345b810737f54bb
  SQLCipher: 1ab0b9486a77d141e72e92ff30681926ed79c07a
  SQLite.swift: 903bfa3bc9ab06345fdfbb578e34f47cfcf417da
  url_launcher_ios: 839c58cdb4279282219f5e248c3321761ff3c4de

PODFILE CHECKSUM: 1594e474c9bda73d4b470d5197771db95adf558c

COCOAPODS: 1.11.3
